[[package]]
category = "main"
description = "Amazon Web Services Library"
name = "boto"
optional = false
python-versions = "*"
version = "2.42.0"

[[package]]
category = "main"
description = "Python package for providing Mozilla's CA Bundle."
name = "certifi"
optional = false
python-versions = "*"
version = "2019.9.11"

[[package]]
category = "main"
description = "Universal encoding detector for Python 2 and 3"
name = "chardet"
optional = false
python-versions = "*"
version = "3.0.4"

[[package]]
category = "main"
description = "A high-level Python Web framework that encourages rapid development and clean, pragmatic design."
name = "django"
optional = false
python-versions = ">=3.5"
version = "2.2.6"

[package.dependencies]
pytz = "*"
sqlparse = "*"

[[package]]
category = "main"
description = "Django email integration for Amazon SES, Mailgun, Mailjet, Postmark, SendGrid, SendinBlue, SparkPost and other transactional ESPs"
name = "django-anymail"
optional = false
python-versions = "*"
version = "4.3"

[package.dependencies]
django = ">=1.11"
requests = ">=2.4.3"
six = "*"

[[package]]
category = "main"
description = "A helper class for handling configuration defaults of packaged apps gracefully."
name = "django-appconf"
optional = false
python-versions = "*"
version = "1.0.3"

[package.dependencies]
django = "*"
six = "*"

[[package]]
category = "main"
description = "Compresses linked and inline JavaScript or CSS into single cached files."
name = "django-compressor"
optional = false
python-versions = "*"
version = "2.2"

[package.dependencies]
django-appconf = ">=1.0"
rcssmin = "1.0.6"
rjsmin = "1.0.12"

[[package]]
category = "main"
description = "django-cors-headers is a Django application for handling the server headers required for Cross-Origin Resource Sharing (CORS)."
name = "django-cors-headers"
optional = false
python-versions = ">=2.7, !=3.0.*, !=3.1.*, !=3.2.*, !=3.3.*"
version = "2.4.0"

[[package]]
category = "main"
description = "Management commands to help backup and restore a project database and media"
name = "django-dbbackup"
optional = false
python-versions = "*"
version = "3.2.0"

[package.dependencies]
Django = ">=1.5"
pytz = "*"
six = "*"

[[package]]
category = "main"
description = "A configurable set of panels that display various debug information about the current request/response."
name = "django-debug-toolbar"
optional = false
python-versions = "*"
version = "1.9.1"

[package.dependencies]
Django = ">=1.8"
sqlparse = ">=0.2.0"

[[package]]
category = "main"
description = "Django-filter is a reusable Django application for allowing users to filter querysets dynamically."
name = "django-filter"
optional = false
python-versions = ">=3.4"
version = "2.2.0"

[package.dependencies]
Django = ">=1.11"

[[package]]
category = "main"
description = "Dynamic and static host resolving for Django. Maps hostnames to URLconfs."
name = "django-hosts"
optional = false
python-versions = "*"
version = "3.0"

[[package]]
category = "main"
description = "An extensible user-registration application for Django"
name = "django-registration-redux"
optional = false
python-versions = "*"
version = "2.4"

[[package]]
category = "main"
description = "Support for many storages (S3, MogileFS, etc) in Django."
name = "django-storages-redux"
optional = false
python-versions = "*"
version = "1.3.2"

[[package]]
category = "main"
description = "Web APIs for Django, made easy."
name = "djangorestframework"
optional = false
python-versions = ">=3.5"
version = "3.10.3"

[[package]]
category = "main"
description = "the modular source code checker: pep8, pyflakes and co"
name = "flake8"
optional = false
python-versions = "*"
version = "2.6.2"

[package.dependencies]
mccabe = ">=0.2.1,<0.6"
pycodestyle = ">=2.0,<2.1"
pyflakes = ">=0.8.1,<1.2.0 || >1.2.0,<1.2.1 || >1.2.1,<1.2.2 || >1.2.2,<1.3"

[[package]]
category = "main"
description = "Internationalized Domain Names in Applications (IDNA)"
name = "idna"
optional = false
python-versions = ">=2.7, !=3.0.*, !=3.1.*, !=3.2.*, !=3.3.*"
version = "2.8"

[[package]]
category = "main"
description = "McCabe checker, plugin for flake8"
name = "mccabe"
optional = false
python-versions = "*"
version = "0.5.3"

[[package]]
category = "main"
description = "New Relic Python Agent"
name = "newrelic"
optional = false
python-versions = ">=2.7,!=3.0.*,!=3.1.*,!=3.2.*,!=3.3.*"
version = "4.2.0.100"

[[package]]
category = "main"
description = "Python style guide checker"
name = "pycodestyle"
optional = false
python-versions = "*"
version = "2.0.0"

[[package]]
category = "main"
description = "passive checker of Python programs"
name = "pyflakes"
optional = false
python-versions = "*"
version = "1.2.3"

[[package]]
category = "main"
description = "World timezone definitions, modern and historical"
name = "pytz"
optional = false
python-versions = "*"
version = "2019.3"

[[package]]
category = "main"
description = "CSS Minifier"
name = "rcssmin"
optional = false
python-versions = "*"
version = "1.0.6"

[[package]]
category = "main"
description = "Python HTTP for Humans."
name = "requests"
optional = false
python-versions = ">=2.7, !=3.0.*, !=3.1.*, !=3.2.*, !=3.3.*, !=3.4.*"
version = "2.22.0"

[package.dependencies]
certifi = ">=2017.4.17"
chardet = ">=3.0.2,<3.1.0"
idna = ">=2.5,<2.9"
urllib3 = ">=1.21.1,<1.25.0 || >1.25.0,<1.25.1 || >1.25.1,<1.26"

[[package]]
category = "main"
description = "Javascript Minifier"
name = "rjsmin"
optional = false
python-versions = "*"
version = "1.0.12"

[[package]]
category = "main"
description = "Python 2 and 3 compatibility utilities"
name = "six"
optional = false
python-versions = ">=2.6, !=3.0.*, !=3.1.*"
version = "1.12.0"

[[package]]
category = "main"
description = "Non-validating SQL parser"
name = "sqlparse"
optional = false
python-versions = ">=2.7, !=3.0.*, !=3.1.*, !=3.2.*, !=3.3.*"
version = "0.3.0"

[[package]]
category = "main"
description = "HTTP library with thread-safe connection pooling, file post, and more."
name = "urllib3"
optional = false
python-versions = ">=2.7, !=3.0.*, !=3.1.*, !=3.2.*, !=3.3.*, <4"
version = "1.25.6"

[metadata]
content-hash = "c2252cf7a139cd52b07be6c5044224022fcd52facc6136590c2f8312640d4f7f"
python-versions = "^3.7"

[metadata.hashes]
boto = ["dcf140d4ce535bb8f5266d1750c16def4d50f6c46eff27fab38b55d0d74d5ac7", "ef345a9c5f5961c481cf986d755d33470f43452192fbc0ca978f8abe2a31992a"]
certifi = ["e4f3620cfea4f83eedc95b24abd9cd56f3c4b146dd0177e83a21b4eb49e21e50", "fd7c7c74727ddcf00e9acd26bba8da604ffec95bf1c2144e67aff7a8b50e6cef"]
chardet = ["84ab92ed1c4d4f16916e05906b6b75a6c0fb5db821cc65e70cbd64a3e2a5eaae", "fc323ffcaeaed0e0a02bf4d117757b98aed530d9ed4531e3e15460124c106691"]
django = ["4025317ca01f75fc79250ff7262a06d8ba97cd4f82e93394b2a0a6a4a925caeb", "a8ca1033acac9f33995eb2209a6bf18a4681c3e5269a878e9a7e0b7384ed1ca3"]
django-anymail = ["1154838abfd6b1b1b9e68ae6562ca4a9f168d4ff712b15d357ccee49b08d819d", "2801f76d51eea5b998b03b76d612677e8624b54f92a5a6d6561b64b7a4247dec"]
django-appconf = ["35f13ca4d567f132b960e2cd4c832c2d03cb6543452d34e29b7ba10371ba80e3", "c98a7af40062e996b921f5962a1c4f3f0c979fa7885f7be4710cceb90ebe13a6"]
django-compressor = ["7732676cfb9d58498dfb522b036f75f3f253f72ea1345ac036434fdc418c2e57", "9616570e5b08e92fa9eadc7a1b1b49639cce07ef392fc27c74230ab08075b30f"]
django-cors-headers = ["5545009c9b233ea7e70da7dbab7cb1c12afa01279895086f98ec243d7eab46fa", "c4c2ee97139d18541a1be7d96fe337d1694623816d83f53cb7c00da9b94acae1"]
django-dbbackup = ["9470e5d8bdaee4feb878b1b66c59eb9b27a131cccd648bf7cbfe70930acd4fc0"]
django-debug-toolbar = ["4af2a4e1e932dadbda197b18585962d4fc20172b4e5a479490bc659fe998864d", "d9ea75659f76d8f1e3eb8f390b47fc5bad0908d949c34a8a3c4c87978eb40a0f"]
django-filter = ["558c727bce3ffa89c4a7a0b13bc8976745d63e5fd576b3a9a851650ef11c401b", "c3deb57f0dd7ff94d7dce52a047516822013e2b441bed472b722a317658cfd14"]
django-hosts = ["3599645f37b4c51df6140d659bef356e05ae7ff7748f8fef14c2c84083dd8089", "8e83232dbd7ff0d9de5c814f16bdf4cd1971bd00c54fa1f3e507aed4f93215a8"]
django-registration-redux = ["3201ae4ebd7caa5edb62a2df64e25300fef5752594b6361cc0ad3835cef88048"]
django-storages-redux = ["84cb0e685ac0401f14d320d3d469b3e5968a7314a93936c86672c2315d8302dc", "df94a582d452c8e7763291d5463b60316bf7f6ffe2c59c4c162514c1bbc39504"]
djangorestframework = ["5488aed8f8df5ec1d70f04b2114abc52ae6729748a176c453313834a9ee179c8", "dc81cbf9775c6898a580f6f1f387c4777d12bd87abf0f5406018d32ccae71090"]
flake8 = ["231cd86194aaec4bdfaa553ae1a1cd9b7b4558332fbc10136c044940d587a778", "7ac3bbaac27174d95bc4734ed23a07de567ffbcf4fc7e316854b4f3015d4fd15"]
idna = ["c357b3f628cf53ae2c4c05627ecc484553142ca23264e593d327bcde5e9c3407", "ea8b7f6188e6fa117537c3df7da9fc686d485087abf6ac197f9c46432f7e4a3c"]
mccabe = ["16293af41e7242031afd73896fef6458f4cad38201d21e28f344fff50ae1c25e", "f9b58bf366c1506dcd6117b33e5c4874746f0de859c9c7cab8b516cb6be1d22e"]
newrelic = ["da56df90005b233466d81424a0478dcea2b00bf5a6853d9a1a1451f03e07f41e"]
pycodestyle = ["2ce83f2046f5ab85c652ceceddfbde7a64a909900989b4b43e92b10b743d0ce5", "37f0420b14630b0eaaf452978f3a6ea4816d787c3e6dcbba6fb255030adae2e7"]
pyflakes = ["2e4a1b636d8809d8f0a69f341acf15b2e401a3221ede11be439911d23ce2139e", "e87bac26c62ea5b45067cc89e4a12f56e1483f1f2cda17e7c9b375b9fd2f40da"]
pytz = ["1c557d7d0e871de1f5ccd5833f60fb2550652da6be2693c1e02300743d21500d", "b02c06db6cf09c12dd25137e563b31700d3b80fcc4ad23abb7a315f2789819be"]
rcssmin = ["ca87b695d3d7864157773a61263e5abb96006e9ff0e021eff90cbe0e1ba18270"]
requests = ["11e007a8a2aa0323f5a921e9e6a2d7e4e67d9877e85773fba9ba6419025cbeb4", "9cf5292fcd0f598c671cfc1e0d7d1a7f13bb8085e9a590f48c010551dc6c4b31"]
rjsmin = ["dd9591aa73500b08b7db24367f8d32c6470021f39d5ab4e50c7c02e4401386f1"]
six = ["3350809f0555b11f552448330d0b52d5f24c91a322ea4a15ef22629740f3761c", "d16a0141ec1a18405cd4ce8b4613101da75da0e9a7aec5bdd4fa804d0e0eba73"]
sqlparse = ["40afe6b8d4b1117e7dff5504d7a8ce07d9a1b15aeeade8a2d10f130a834f8177", "7c3dca29c022744e95b547e867cee89f4fce4373f3549ccd8797d8eb52cdb873"]
urllib3 = ["3de946ffbed6e6746608990594d08faac602528ac7015ac28d33cee6a45b7398", "9a107b99a5393caf59c7aa3c1249c16e6879447533d0887f4336dde834c7be86"]
